{
  "name": "frontend-coding-standards",
  "version": "1.0.0",
  "lockfileVersion": 2,
  "requires": true,
  "packages": {
    "": {
      "name": "frontend-coding-standards",
      "version": "1.0.0",
      "license": "MIT",
      "devDependencies": {
        "@mediamonks/prettier-config": "^1.0.0",
        "prettier": "^2.5.1"
      }
    },
    "node_modules/@mediamonks/prettier-config": {
      "version": "1.0.0",
      "resolved": "https://registry.npmjs.org/@mediamonks/prettier-config/-/prettier-config-1.0.0.tgz",
      "integrity": "sha512-eiop9b1h20izJR0prTx0FTlx9e2B4oKJcrI+fFYIPulVwUOnaaiti7JWLu6kDr2rtYdLdIwNMnBh0oNwTNUFXQ==",
      "dev": true
    },
    "node_modules/prettier": {
      "version": "2.5.1",
      "resolved": "https://registry.npmjs.org/prettier/-/prettier-2.5.1.tgz",
      "integrity": "sha512-vBZcPRUR5MZJwoyi3ZoyQlc1rXeEck8KgeC9AwwOn+exuxLxq5toTRDTSaVrXHxelDMHy9zlicw8u66yxoSUFg==",
      "dev": true,
      "bin": {
        "prettier": "bin-prettier.js"
      },
      "engines": {
        "node": ">=10.13.0"
      }
    }
  },
  "dependencies": {
    "@mediamonks/prettier-config": {
      "version": "1.0.0",
      "resolved": "https://registry.npmjs.org/@mediamonks/prettier-config/-/prettier-config-1.0.0.tgz",
      "integrity": "sha512-eiop9b1h20izJR0prTx0FTlx9e2B4oKJcrI+fFYIPulVwUOnaaiti7JWLu6kDr2rtYdLdIwNMnBh0oNwTNUFXQ==",
      "dev": true
    },
    "prettier": {
      "version": "2.5.1",
      "resolved": "https://registry.npmjs.org/prettier/-/prettier-2.5.1.tgz",
      "integrity": "sha512-vBZcPRUR5MZJwoyi3ZoyQlc1rXeEck8KgeC9AwwOn+exuxLxq5toTRDTSaVrXHxelDMHy9zlicw8u66yxoSUFg==",
      "dev": true
    }
  }
}
